
Microsoft Visual Studio Solution File, Format Version 12.00
# Visual Studio Version 17
VisualStudioVersion = 17.5.002.0
MinimumVisualStudioVersion = 10.0.40219.1
Project("{9A19103F-16F7-4668-BE54-9A1E7A4F7556}") = "HelloWorld", "HelloWorld.csproj", "{E3A155A2-E870-46CB-855F-3EF08B483DBC}"
EndProject
Global
	GlobalSection(SolutionConfigurationPlatforms) = preSolution
		Debug|Any CPU = Debug|Any CPU
		Release|Any CPU = Release|Any CPU
	EndGlobalSection
	GlobalSection(ProjectConfigurationPlatforms) = postSolution
		{E3A155A2-E870-46CB-855F-3EF08B483DBC}.Debug|Any CPU.ActiveCfg = Debug|Any CPU
		{E3A155A2-E870-46CB-855F-3EF08B483DBC}.Debug|Any CPU.Build.0 = Debug|Any CPU
		{E3A155A2-E870-46CB-855F-3EF08B483DBC}.Release|Any CPU.ActiveCfg = Release|Any CPU
		{E3A155A2-E870-46CB-855F-3EF08B483DBC}.Release|Any CPU.Build.0 = Release|Any CPU
	EndGlobalSection
	GlobalSection(SolutionProperties) = preSolution
		HideSolutionNode = FALSE
	EndGlobalSection
	GlobalSection(ExtensibilityGlobals) = postSolution
		SolutionGuid = {8C22A11E-E5AC-46BB-ACE4-957342991CD9}
	EndGlobalSection
EndGlobal
